{
  "object": {
    "pins": [
      {
        "package": "SDWebImage",
        "repositoryURL": "https://github.com/SDWebImage/SDWebImage.git",
        "state": {
          "branch": "master",
          "revision": "362ba2d43f7ac410819859dbd728db5ea471e133",
          "version": null
        }
      }
    ]
  },
  "version": 1
}
